dependencies:
- name: rabbitmq
  repository: https://kubernetes-charts.storage.googleapis.com/
  version: 6.2.6
- name: postgresql
  repository: https://kubernetes-charts.storage.googleapis.com/
  version: 6.2.0
- name: memcached
  repository: https://kubernetes-charts.storage.googleapis.com/
  version: 2.9.0
digest: sha256:337499e3c8051b6439b4ac4a873617643bc11e46096672d222d23bcef232c83f
generated: "2019-08-09T18:06:53.3108+02:00"
